github.com/nkitajim/go_examples_ch10_ex v1.0.0 h1:144xMkwAv1St5rXIbZxFPnZm47r7g2VdSnEdJCaSOkc=
github.com/nkitajim/go_examples_ch10_ex v1.0.0/go.mod h1:tIPu1gqGjembCLPT3iyAp5j+zJ3r2qLmX1J4GJvampE=
github.com/nkitajim/go_examples_ch10_ex v1.0.1 h1:JifCs/maW+McISHdeVDwOOIdoM/GZE00IgsLXx9SeZ4=
github.com/nkitajim/go_examples_ch10_ex v1.0.1/go.mod h1:tIPu1gqGjembCLPT3iyAp5j+zJ3r2qLmX1J4GJvampE=
